
Microsoft Visual Studio Solution File, Format Version 12.00
# Visual Studio Version 16
VisualStudioVersion = 16.0.30114.105
MinimumVisualStudioVersion = 10.0.40219.1
Project("{2150E333-8FDC-42A3-9474-1A3956D46DE8}") = "src", "src", "{22796E96-02F1-472C-B360-B1A4AC282DF4}"
EndProject
Project("{FAE04EC0-301F-11D3-BF4B-00C04F79EFBC}") = "GrokkingAlgorithms", "src\GrokkingAlgorithms\GrokkingAlgorithms.csproj", "{662D9384-4556-400B-B36B-57A7AF9D8F40}"
EndProject
Project("{2150E333-8FDC-42A3-9474-1A3956D46DE8}") = "tests", "tests", "{E2090ED7-D509-4FE6-AF08-FC0399A1034E}"
EndProject
Project("{FAE04EC0-301F-11D3-BF4B-00C04F79EFBC}") = "GrokkingAlgorithmsTests", "tests\GrokkingAlgorithmsTests\GrokkingAlgorithmsTests.csproj", "{095F696E-87D4-4060-8A4E-B48ECB32773F}"
EndProject
Global
	GlobalSection(SolutionConfigurationPlatforms) = preSolution
		Debug|Any CPU = Debug|Any CPU
		Debug|x64 = Debug|x64
		Debug|x86 = Debug|x86
		Release|Any CPU = Release|Any CPU
		Release|x64 = Release|x64
		Release|x86 = Release|x86
	EndGlobalSection
	GlobalSection(SolutionProperties) = preSolution
		HideSolutionNode = FALSE
	EndGlobalSection
	GlobalSection(ProjectConfigurationPlatforms) = postSolution
		{662D9384-4556-400B-B36B-57A7AF9D8F40}.Debug|Any CPU.ActiveCfg = Debug|Any CPU
		{662D9384-4556-400B-B36B-57A7AF9D8F40}.Debug|Any CPU.Build.0 = Debug|Any CPU
		{662D9384-4556-400B-B36B-57A7AF9D8F40}.Debug|x64.ActiveCfg = Debug|Any CPU
		{662D9384-4556-400B-B36B-57A7AF9D8F40}.Debug|x64.Build.0 = Debug|Any CPU
		{662D9384-4556-400B-B36B-57A7AF9D8F40}.Debug|x86.ActiveCfg = Debug|Any CPU
		{662D9384-4556-400B-B36B-57A7AF9D8F40}.Debug|x86.Build.0 = Debug|Any CPU
		{662D9384-4556-400B-B36B-57A7AF9D8F40}.Release|Any CPU.ActiveCfg = Release|Any CPU
		{662D9384-4556-400B-B36B-57A7AF9D8F40}.Release|Any CPU.Build.0 = Release|Any CPU
		{662D9384-4556-400B-B36B-57A7AF9D8F40}.Release|x64.ActiveCfg = Release|Any CPU
		{662D9384-4556-400B-B36B-57A7AF9D8F40}.Release|x64.Build.0 = Release|Any CPU
		{662D9384-4556-400B-B36B-57A7AF9D8F40}.Release|x86.ActiveCfg = Release|Any CPU
		{662D9384-4556-400B-B36B-57A7AF9D8F40}.Release|x86.Build.0 = Release|Any CPU
		{095F696E-87D4-4060-8A4E-B48ECB32773F}.Debug|Any CPU.ActiveCfg = Debug|Any CPU
		{095F696E-87D4-4060-8A4E-B48ECB32773F}.Debug|Any CPU.Build.0 = Debug|Any CPU
		{095F696E-87D4-4060-8A4E-B48ECB32773F}.Debug|x64.ActiveCfg = Debug|Any CPU
		{095F696E-87D4-4060-8A4E-B48ECB32773F}.Debug|x64.Build.0 = Debug|Any CPU
		{095F696E-87D4-4060-8A4E-B48ECB32773F}.Debug|x86.ActiveCfg = Debug|Any CPU
		{095F696E-87D4-4060-8A4E-B48ECB32773F}.Debug|x86.Build.0 = Debug|Any CPU
		{095F696E-87D4-4060-8A4E-B48ECB32773F}.Release|Any CPU.ActiveCfg = Release|Any CPU
		{095F696E-87D4-4060-8A4E-B48ECB32773F}.Release|Any CPU.Build.0 = Release|Any CPU
		{095F696E-87D4-4060-8A4E-B48ECB32773F}.Release|x64.ActiveCfg = Release|Any CPU
		{095F696E-87D4-4060-8A4E-B48ECB32773F}.Release|x64.Build.0 = Release|Any CPU
		{095F696E-87D4-4060-8A4E-B48ECB32773F}.Release|x86.ActiveCfg = Release|Any CPU
		{095F696E-87D4-4060-8A4E-B48ECB32773F}.Release|x86.Build.0 = Release|Any CPU
	EndGlobalSection
	GlobalSection(NestedProjects) = preSolution
		{662D9384-4556-400B-B36B-57A7AF9D8F40} = {22796E96-02F1-472C-B360-B1A4AC282DF4}
		{095F696E-87D4-4060-8A4E-B48ECB32773F} = {E2090ED7-D509-4FE6-AF08-FC0399A1034E}
	EndGlobalSection
EndGlobal
